
Microsoft Visual Studio Solution File, Format Version 12.00
# Visual Studio Version 16
VisualStudioVersion = 16.0.31005.135
MinimumVisualStudioVersion = 10.0.40219.1
Project("{9A19103F-16F7-4668-BE54-9A1E7A4F7556}") = "RemskladDesktop", "RemskladDesktop\RemskladDesktop.csproj", "{451A9986-FF12-4493-B514-7655D564F206}"
EndProject
Project("{9A19103F-16F7-4668-BE54-9A1E7A4F7556}") = "RemskladMailer", "RemskladMailer\RemskladMailer.csproj", "{EE2A8056-A5DB-4DCB-9B17-BDAE6DCBDB13}"
EndProject
Global
	GlobalSection(SolutionConfigurationPlatforms) = preSolution
		Debug|Any CPU = Debug|Any CPU
		Release|Any CPU = Release|Any CPU
	EndGlobalSection
	GlobalSection(ProjectConfigurationPlatforms) = postSolution
		{451A9986-FF12-4493-B514-7655D564F206}.Debug|Any CPU.ActiveCfg = Debug|Any CPU
		{451A9986-FF12-4493-B514-7655D564F206}.Debug|Any CPU.Build.0 = Debug|Any CPU
		{451A9986-FF12-4493-B514-7655D564F206}.Release|Any CPU.ActiveCfg = Release|Any CPU
		{451A9986-FF12-4493-B514-7655D564F206}.Release|Any CPU.Build.0 = Release|Any CPU
		{EE2A8056-A5DB-4DCB-9B17-BDAE6DCBDB13}.Debug|Any CPU.ActiveCfg = Debug|Any CPU
		{EE2A8056-A5DB-4DCB-9B17-BDAE6DCBDB13}.Debug|Any CPU.Build.0 = Debug|Any CPU
		{EE2A8056-A5DB-4DCB-9B17-BDAE6DCBDB13}.Release|Any CPU.ActiveCfg = Release|Any CPU
		{EE2A8056-A5DB-4DCB-9B17-BDAE6DCBDB13}.Release|Any CPU.Build.0 = Release|Any CPU
	EndGlobalSection
	GlobalSection(SolutionProperties) = preSolution
		HideSolutionNode = FALSE
	EndGlobalSection
	GlobalSection(ExtensibilityGlobals) = postSolution
		SolutionGuid = {203F2647-A6D2-4423-8993-AF4B70F0CD28}
	EndGlobalSection
EndGlobal
